{
  "name": "@camera.ui/tunnel",
  "version": "1.0.7",
  "lockfileVersion": 3,
  "requires": true,
  "packages": {
    "": {
      "name": "@camera.ui/tunnel",
      "version": "1.0.7",
      "license": "MIT",
      "devDependencies": {
        "updates": "^19.0.2"
      }
    },
    "node_modules/updates": {
      "version": "19.0.2",
      "resolved": "https://registry.npmjs.org/updates/-/updates-19.0.2.tgz",
      "integrity": "sha512-wjY55ND0Nv02+TkpjiopyKem8Y9FeE185dpXXAzunMpv08UZRykB8jBJzn74r70NBfCVTdHYoesoAbdcZuyntQ==",
      "dev": true,
      "license": "BSD-2-Clause",
      "bin": {
        "updates": "dist/index.js"
      },
      "engines": {
        "bun": "*",
        "node": ">=22"
      }
    }
  }
}
