{
  "name": "@camera.ui/cloud-client",
  "version": "0.0.9",
  "lockfileVersion": 3,
  "requires": true,
  "packages": {
    "": {
      "name": "@camera.ui/cloud-client",
      "version": "0.0.9",
      "license": "MIT",
      "devDependencies": {
        "updates": "^17.16.12"
      }
    },
    "node_modules/updates": {
      "version": "17.16.12",
      "resolved": "https://registry.npmjs.org/updates/-/updates-17.16.12.tgz",
      "integrity": "sha512-OO9R2p4Vj6gKA7AU9DG9x8nDSzZKC4iV4bv2/w2ld3+cskXWUJAUDBAer+NMoyQUove/MTnBD5upbz6TduMXFA==",
      "dev": true,
      "license": "BSD-2-Clause",
      "bin": {
        "updates": "dist/index.js"
      },
      "engines": {
        "bun": "*",
        "node": ">=22"
      }
    }
  }
}
