{
  "name": "@camera.ui/tunnel",
  "version": "1.0.7",
  "lockfileVersion": 3,
  "requires": true,
  "packages": {
    "": {
      "name": "@camera.ui/tunnel",
      "version": "1.0.7",
      "license": "MIT",
      "devDependencies": {
        "updates": "^18.1.1"
      }
    },
    "node_modules/updates": {
      "version": "18.1.1",
      "resolved": "https://registry.npmjs.org/updates/-/updates-18.1.1.tgz",
      "integrity": "sha512-wPKucjvDbSS+o8qWN3AKU8WWu6GwB8F7It/rzKQjAp3S7wvGVyyCLScFv1QG8qsTCsGZ5CcrijWVYa3Iv3iGjA==",
      "dev": true,
      "license": "BSD-2-Clause",
      "bin": {
        "updates": "dist/index.js"
      },
      "engines": {
        "bun": "*",
        "node": ">=22"
      }
    }
  }
}
